
Microsoft Visual Studio Solution File, Format Version 12.00
# Visual Studio 15
VisualStudioVersion = 15.0.28307.106
MinimumVisualStudioVersion = 10.0.40219.1
Project("{8BC9CEB8-8B4A-11D0-8D11-00A0C91BC942}") = "D2DWrapper", "D2DWrapper\D2DWrapper.vcxproj", "{151AE681-22CC-404D-A759-8D80BF85E9F1}"
	ProjectSection(ProjectDependencies) = postProject
		{39207DED-C018-4B62-8F1E-A1B18AD54B3B} = {39207DED-C018-4B62-8F1E-A1B18AD54B3B}
	EndProjectSection
EndProject
Project("{FAE04EC0-301F-11D3-BF4B-00C04F79EFBC}") = "Managed.D2DSharp.Sample1", "D2DWrapper.Sample\Managed.D2DSharp.Sample1.csproj", "{99BBCD07-D169-4EC1-A47B-2AB467EF99D6}"
EndProject
Project("{2150E333-8FDC-42A3-9474-1A3956D46DE8}") = "Samples", "Samples", "{76278E1B-8FA4-4D5D-AD81-815BAC067D8A}"
EndProject
Project("{FAE04EC0-301F-11D3-BF4B-00C04F79EFBC}") = "Managed.D2DSharp.ImageViewer", "DykBits.D2DShart.ImageViewer\Managed.D2DSharp.ImageViewer.csproj", "{1210A1A4-8446-4D38-A8C4-19EE053518ED}"
EndProject
Project("{2150E333-8FDC-42A3-9474-1A3956D46DE8}") = "Solution Items", "Solution Items", "{B8FC6064-A18E-4EB2-84A4-DC68FBB634C1}"
	ProjectSection(SolutionItems) = preProject
		..\LICENSE = ..\LICENSE
		..\README.md = ..\README.md
	EndProjectSection
EndProject
Project("{FAE04EC0-301F-11D3-BF4B-00C04F79EFBC}") = "Managed.D2DSharp.Sample2", "DykBits.D2DSharp.Sample2\Managed.D2DSharp.Sample2.csproj", "{A281A863-46CD-4E26-8443-9A083D12FCD8}"
EndProject
Project("{FAE04EC0-301F-11D3-BF4B-00C04F79EFBC}") = "Managed.D2DSharp.AdvancedPathGeometries", "DykBits.D2DSharp.Sample3\Managed.D2DSharp.AdvancedPathGeometries.csproj", "{A7328287-CF48-415F-BD89-3195DE4693E1}"
EndProject
Project("{FAE04EC0-301F-11D3-BF4B-00C04F79EFBC}") = "Managed.D2DSharp.BrushTypes", "DykBits.D2DSharp.BrushTypes\Managed.D2DSharp.BrushTypes.csproj", "{40E46261-B669-428C-9AB9-622334850DDE}"
EndProject
Project("{2150E333-8FDC-42A3-9474-1A3956D46DE8}") = "SourceCode", "SourceCode", "{0128DA73-F695-40DD-AF41-6832E9B7187B}"
EndProject
Project("{FAE04EC0-301F-11D3-BF4B-00C04F79EFBC}") = "Managed.Graphics.Forms", "DykBits.Graphics.Forms\Managed.Graphics.Forms.csproj", "{350A3A81-BF89-4339-AF82-35F50E0B88FC}"
EndProject
Project("{FAE04EC0-301F-11D3-BF4B-00C04F79EFBC}") = "Managed.D2DSharp.ClipWithLayers", "DykBits.D2DSharp.ClipWithLayers\Managed.D2DSharp.ClipWithLayers.csproj", "{85000F39-5659-4F9F-BD62-F480B90BCEA1}"
EndProject
Project("{FAE04EC0-301F-11D3-BF4B-00C04F79EFBC}") = "Managed.D2DSharp.CombineGeometries", "DykBits.D2DSharp.CombineGeometries\Managed.D2DSharp.CombineGeometries.csproj", "{4CFA0073-08FD-4B87-A03B-6B3AA2185C0F}"
EndProject
Project("{2150E333-8FDC-42A3-9474-1A3956D46DE8}") = "SDK Demos", "SDK Demos", "{FA743D56-B1D7-4CA4-A4CD-60DCE2C8A184}"
EndProject
Project("{FAE04EC0-301F-11D3-BF4B-00C04F79EFBC}") = "Managed.D2DSharp.SimpleText", "DykBits.D2DSharp.SimpleText\Managed.D2DSharp.SimpleText.csproj", "{C9F64325-C1EB-4092-8D0B-7D76884336FB}"
EndProject
Project("{FAE04EC0-301F-11D3-BF4B-00C04F79EFBC}") = "Managed.D2DSharp.DirectWrite.HitTesting", "Managed.D2DSharp.DirectWrite.HitTesting\Managed.D2DSharp.DirectWrite.HitTesting.csproj", "{E3AF1316-FD3A-4A46-BB2E-EAD130873A36}"
EndProject
Project("{FAE04EC0-301F-11D3-BF4B-00C04F79EFBC}") = "Managed.D2DSharp.DirectWrite.CustomLayout", "Managed.D2DSharp.DirectWrite.CustomLayout\Managed.D2DSharp.DirectWrite.CustomLayout.csproj", "{B7EE3549-C2E4-4A87-AFAF-B0593CE6F0E3}"
EndProject
Project("{FAE04EC0-301F-11D3-BF4B-00C04F79EFBC}") = "Managed.D2DSharp.DirectWrite.FontEnumeration", "Managed.D2DSharp.DirectWrite.FontEnumeration\Managed.D2DSharp.DirectWrite.FontEnumeration.csproj", "{69C8FECE-C2A7-4521-9E3C-523ADA672C44}"
EndProject
Project("{FAE04EC0-301F-11D3-BF4B-00C04F79EFBC}") = "Managed.D2DSharp.DirectWrite.TextDialog", "Managed.D2DSharp.DirectWrite.TextDialog\Managed.D2DSharp.DirectWrite.TextDialog.csproj", "{E137B7C3-5DC7-43B9-B970-E2F6B3A15805}"
EndProject
Project("{FAE04EC0-301F-11D3-BF4B-00C04F79EFBC}") = "Managed.D2DSharp.DirectWrite.CustomFont", "Managed.D2DSharp.DirectWrite.CustomFont\Managed.D2DSharp.DirectWrite.CustomFont.csproj", "{B2FFD123-6E0C-4FA9-A1BE-7BED73D0C7BE}"
EndProject
Project("{FAE04EC0-301F-11D3-BF4B-00C04F79EFBC}") = "Managed.D2DSharp.Bezier", "Managed.D2DSharp.Bezier\Managed.D2DSharp.Bezier.csproj", "{0C7626A1-5B2C-42A1-B4C2-EF84F8FC0F72}"
EndProject
Project("{8BC9CEB8-8B4A-11D0-8D11-00A0C91BC942}") = "D2DNativeLib", "D2DNativeLib\D2DNativeLib.vcxproj", "{39207DED-C018-4B62-8F1E-A1B18AD54B3B}"
EndProject
Project("{FAE04EC0-301F-11D3-BF4B-00C04F79EFBC}") = "Managed.D2DSharp.Math", "Managed.D2DSharp.Math\Managed.D2DSharp.Math.csproj", "{01188394-82B4-4D42-9962-97ED3864DA48}"
EndProject
Project("{FAE04EC0-301F-11D3-BF4B-00C04F79EFBC}") = "Managed.D2DSharp.StarField", "Managed.D2DSharp.StarField\Managed.D2DSharp.StarField.csproj", "{49CE691D-B7FD-4D53-A072-E9EA041A2617}"
EndProject
Project("{FAE04EC0-301F-11D3-BF4B-00C04F79EFBC}") = "Managed.D2DSharp.Marquee", "Managed.D2DSharp.Marquee\Managed.D2DSharp.Marquee.csproj", "{68EE7BDD-1C33-43C2-8069-DD8438C282CA}"
EndProject
Project("{FAE04EC0-301F-11D3-BF4B-00C04F79EFBC}") = "Managed.D2DSharp.Ellipse", "Managed.D2DSharp.Ellipse\Managed.D2DSharp.Ellipse.csproj", "{1060896C-7C82-4442-B87A-30937572A165}"
EndProject
Project("{FAE04EC0-301F-11D3-BF4B-00C04F79EFBC}") = "Managed.D2DSharp.Sample3", "Managed.D2DSharp.Sample3\Managed.D2DSharp.Sample3.csproj", "{25AC9582-02CB-43D0-B3C3-2A59C87EB7D3}"
EndProject
Project("{FAE04EC0-301F-11D3-BF4B-00C04F79EFBC}") = "Managed.D2DSharp.DCSample", "Managed.D2DSharp.DCSample\Managed.D2DSharp.DCSample.csproj", "{682997DE-4255-4356-BF97-9BDCDB5C15BC}"
EndProject
Project("{FAE04EC0-301F-11D3-BF4B-00C04F79EFBC}") = "Managed.D2DSharp.Lines", "Managed.D2DSharp.Lines\Managed.D2DSharp.Lines.csproj", "{8A5B99B8-85DC-4221-94EA-670B1A361F7F}"
EndProject
Global
	GlobalSection(SolutionConfigurationPlatforms) = preSolution
		Debug|x64 = Debug|x64
		Debug|x86 = Debug|x86
		Release|x64 = Release|x64
		Release|x86 = Release|x86
	EndGlobalSection
	GlobalSection(ProjectConfigurationPlatforms) = postSolution
		{151AE681-22CC-404D-A759-8D80BF85E9F1}.Debug|x64.ActiveCfg = Debug|x64
		{151AE681-22CC-404D-A759-8D80BF85E9F1}.Debug|x64.Build.0 = Debug|x64
		{151AE681-22CC-404D-A759-8D80BF85E9F1}.Debug|x86.ActiveCfg = Debug|Win32
		{151AE681-22CC-404D-A759-8D80BF85E9F1}.Debug|x86.Build.0 = Debug|Win32
		{151AE681-22CC-404D-A759-8D80BF85E9F1}.Release|x64.ActiveCfg = Release|x64
		{151AE681-22CC-404D-A759-8D80BF85E9F1}.Release|x64.Build.0 = Release|x64
		{151AE681-22CC-404D-A759-8D80BF85E9F1}.Release|x86.ActiveCfg = Release|Win32
		{151AE681-22CC-404D-A759-8D80BF85E9F1}.Release|x86.Build.0 = Release|Win32
		{99BBCD07-D169-4EC1-A47B-2AB467EF99D6}.Debug|x64.ActiveCfg = Debug|x64
		{99BBCD07-D169-4EC1-A47B-2AB467EF99D6}.Debug|x64.Build.0 = Debug|x64
		{99BBCD07-D169-4EC1-A47B-2AB467EF99D6}.Debug|x86.ActiveCfg = Debug|x86
		{99BBCD07-D169-4EC1-A47B-2AB467EF99D6}.Debug|x86.Build.0 = Debug|x86
		{99BBCD07-D169-4EC1-A47B-2AB467EF99D6}.Release|x64.ActiveCfg = Release|x64
		{99BBCD07-D169-4EC1-A47B-2AB467EF99D6}.Release|x64.Build.0 = Release|x64
		{99BBCD07-D169-4EC1-A47B-2AB467EF99D6}.Release|x86.ActiveCfg = Release|x86
		{99BBCD07-D169-4EC1-A47B-2AB467EF99D6}.Release|x86.Build.0 = Release|x86
		{1210A1A4-8446-4D38-A8C4-19EE053518ED}.Debug|x64.ActiveCfg = Debug|x64
		{1210A1A4-8446-4D38-A8C4-19EE053518ED}.Debug|x64.Build.0 = Debug|x64
		{1210A1A4-8446-4D38-A8C4-19EE053518ED}.Debug|x86.ActiveCfg = Debug|x86
		{1210A1A4-8446-4D38-A8C4-19EE053518ED}.Debug|x86.Build.0 = Debug|x86
		{1210A1A4-8446-4D38-A8C4-19EE053518ED}.Release|x64.ActiveCfg = Release|x64
		{1210A1A4-8446-4D38-A8C4-19EE053518ED}.Release|x64.Build.0 = Release|x64
		{1210A1A4-8446-4D38-A8C4-19EE053518ED}.Release|x86.ActiveCfg = Release|x86
		{1210A1A4-8446-4D38-A8C4-19EE053518ED}.Release|x86.Build.0 = Release|x86
		{A281A863-46CD-4E26-8443-9A083D12FCD8}.Debug|x64.ActiveCfg = Debug|x64
		{A281A863-46CD-4E26-8443-9A083D12FCD8}.Debug|x64.Build.0 = Debug|x64
		{A281A863-46CD-4E26-8443-9A083D12FCD8}.Debug|x86.ActiveCfg = Debug|x86
		{A281A863-46CD-4E26-8443-9A083D12FCD8}.Debug|x86.Build.0 = Debug|x86
		{A281A863-46CD-4E26-8443-9A083D12FCD8}.Release|x64.ActiveCfg = Release|x64
		{A281A863-46CD-4E26-8443-9A083D12FCD8}.Release|x64.Build.0 = Release|x64
		{A281A863-46CD-4E26-8443-9A083D12FCD8}.Release|x86.ActiveCfg = Release|x86
		{A281A863-46CD-4E26-8443-9A083D12FCD8}.Release|x86.Build.0 = Release|x86
		{A7328287-CF48-415F-BD89-3195DE4693E1}.Debug|x64.ActiveCfg = Debug|x64
		{A7328287-CF48-415F-BD89-3195DE4693E1}.Debug|x64.Build.0 = Debug|x64
		{A7328287-CF48-415F-BD89-3195DE4693E1}.Debug|x86.ActiveCfg = Debug|x86
		{A7328287-CF48-415F-BD89-3195DE4693E1}.Debug|x86.Build.0 = Debug|x86
		{A7328287-CF48-415F-BD89-3195DE4693E1}.Release|x64.ActiveCfg = Release|x64
		{A7328287-CF48-415F-BD89-3195DE4693E1}.Release|x64.Build.0 = Release|x64
		{A7328287-CF48-415F-BD89-3195DE4693E1}.Release|x86.ActiveCfg = Release|x86
		{A7328287-CF48-415F-BD89-3195DE4693E1}.Release|x86.Build.0 = Release|x86
		{40E46261-B669-428C-9AB9-622334850DDE}.Debug|x64.ActiveCfg = Debug|x64
		{40E46261-B669-428C-9AB9-622334850DDE}.Debug|x64.Build.0 = Debug|x64
		{40E46261-B669-428C-9AB9-622334850DDE}.Debug|x86.ActiveCfg = Debug|x86
		{40E46261-B669-428C-9AB9-622334850DDE}.Debug|x86.Build.0 = Debug|x86
		{40E46261-B669-428C-9AB9-622334850DDE}.Release|x64.ActiveCfg = Release|x64
		{40E46261-B669-428C-9AB9-622334850DDE}.Release|x64.Build.0 = Release|x64
		{40E46261-B669-428C-9AB9-622334850DDE}.Release|x86.ActiveCfg = Release|x86
		{40E46261-B669-428C-9AB9-622334850DDE}.Release|x86.Build.0 = Release|x86
		{350A3A81-BF89-4339-AF82-35F50E0B88FC}.Debug|x64.ActiveCfg = Debug|x64
		{350A3A81-BF89-4339-AF82-35F50E0B88FC}.Debug|x64.Build.0 = Debug|x64
		{350A3A81-BF89-4339-AF82-35F50E0B88FC}.Debug|x86.ActiveCfg = Debug|x86
		{350A3A81-BF89-4339-AF82-35F50E0B88FC}.Debug|x86.Build.0 = Debug|x86
		{350A3A81-BF89-4339-AF82-35F50E0B88FC}.Release|x64.ActiveCfg = Release|x64
		{350A3A81-BF89-4339-AF82-35F50E0B88FC}.Release|x64.Build.0 = Release|x64
		{350A3A81-BF89-4339-AF82-35F50E0B88FC}.Release|x86.ActiveCfg = Release|x86
		{350A3A81-BF89-4339-AF82-35F50E0B88FC}.Release|x86.Build.0 = Release|x86
		{85000F39-5659-4F9F-BD62-F480B90BCEA1}.Debug|x64.ActiveCfg = Debug|x64
		{85000F39-5659-4F9F-BD62-F480B90BCEA1}.Debug|x64.Build.0 = Debug|x64
		{85000F39-5659-4F9F-BD62-F480B90BCEA1}.Debug|x86.ActiveCfg = Debug|x86
		{85000F39-5659-4F9F-BD62-F480B90BCEA1}.Debug|x86.Build.0 = Debug|x86
		{85000F39-5659-4F9F-BD62-F480B90BCEA1}.Release|x64.ActiveCfg = Release|x64
		{85000F39-5659-4F9F-BD62-F480B90BCEA1}.Release|x64.Build.0 = Release|x64
		{85000F39-5659-4F9F-BD62-F480B90BCEA1}.Release|x86.ActiveCfg = Release|x86
		{85000F39-5659-4F9F-BD62-F480B90BCEA1}.Release|x86.Build.0 = Release|x86
		{4CFA0073-08FD-4B87-A03B-6B3AA2185C0F}.Debug|x64.ActiveCfg = Debug|x64
		{4CFA0073-08FD-4B87-A03B-6B3AA2185C0F}.Debug|x64.Build.0 = Debug|x64
		{4CFA0073-08FD-4B87-A03B-6B3AA2185C0F}.Debug|x86.ActiveCfg = Debug|x86
		{4CFA0073-08FD-4B87-A03B-6B3AA2185C0F}.Debug|x86.Build.0 = Debug|x86
		{4CFA0073-08FD-4B87-A03B-6B3AA2185C0F}.Release|x64.ActiveCfg = Release|x64
		{4CFA0073-08FD-4B87-A03B-6B3AA2185C0F}.Release|x64.Build.0 = Release|x64
		{4CFA0073-08FD-4B87-A03B-6B3AA2185C0F}.Release|x86.ActiveCfg = Release|x86
		{4CFA0073-08FD-4B87-A03B-6B3AA2185C0F}.Release|x86.Build.0 = Release|x86
		{C9F64325-C1EB-4092-8D0B-7D76884336FB}.Debug|x64.ActiveCfg = Debug|x64
		{C9F64325-C1EB-4092-8D0B-7D76884336FB}.Debug|x64.Build.0 = Debug|x64
		{C9F64325-C1EB-4092-8D0B-7D76884336FB}.Debug|x86.ActiveCfg = Debug|x86
		{C9F64325-C1EB-4092-8D0B-7D76884336FB}.Debug|x86.Build.0 = Debug|x86
		{C9F64325-C1EB-4092-8D0B-7D76884336FB}.Release|x64.ActiveCfg = Release|x64
		{C9F64325-C1EB-4092-8D0B-7D76884336FB}.Release|x64.Build.0 = Release|x64
		{C9F64325-C1EB-4092-8D0B-7D76884336FB}.Release|x86.ActiveCfg = Release|x86
		{C9F64325-C1EB-4092-8D0B-7D76884336FB}.Release|x86.Build.0 = Release|x86
		{E3AF1316-FD3A-4A46-BB2E-EAD130873A36}.Debug|x64.ActiveCfg = Debug|x64
		{E3AF1316-FD3A-4A46-BB2E-EAD130873A36}.Debug|x64.Build.0 = Debug|x64
		{E3AF1316-FD3A-4A46-BB2E-EAD130873A36}.Debug|x86.ActiveCfg = Debug|x86
		{E3AF1316-FD3A-4A46-BB2E-EAD130873A36}.Debug|x86.Build.0 = Debug|x86
		{E3AF1316-FD3A-4A46-BB2E-EAD130873A36}.Release|x64.ActiveCfg = Release|x64
		{E3AF1316-FD3A-4A46-BB2E-EAD130873A36}.Release|x64.Build.0 = Release|x64
		{E3AF1316-FD3A-4A46-BB2E-EAD130873A36}.Release|x86.ActiveCfg = Release|x86
		{E3AF1316-FD3A-4A46-BB2E-EAD130873A36}.Release|x86.Build.0 = Release|x86
		{B7EE3549-C2E4-4A87-AFAF-B0593CE6F0E3}.Debug|x64.ActiveCfg = Debug|x64
		{B7EE3549-C2E4-4A87-AFAF-B0593CE6F0E3}.Debug|x64.Build.0 = Debug|x64
		{B7EE3549-C2E4-4A87-AFAF-B0593CE6F0E3}.Debug|x86.ActiveCfg = Debug|x86
		{B7EE3549-C2E4-4A87-AFAF-B0593CE6F0E3}.Debug|x86.Build.0 = Debug|x86
		{B7EE3549-C2E4-4A87-AFAF-B0593CE6F0E3}.Release|x64.ActiveCfg = Release|x64
		{B7EE3549-C2E4-4A87-AFAF-B0593CE6F0E3}.Release|x64.Build.0 = Release|x64
		{B7EE3549-C2E4-4A87-AFAF-B0593CE6F0E3}.Release|x86.ActiveCfg = Release|x86
		{B7EE3549-C2E4-4A87-AFAF-B0593CE6F0E3}.Release|x86.Build.0 = Release|x86
		{69C8FECE-C2A7-4521-9E3C-523ADA672C44}.Debug|x64.ActiveCfg = Debug|x64
		{69C8FECE-C2A7-4521-9E3C-523ADA672C44}.Debug|x64.Build.0 = Debug|x64
		{69C8FECE-C2A7-4521-9E3C-523ADA672C44}.Debug|x86.ActiveCfg = Debug|x86
		{69C8FECE-C2A7-4521-9E3C-523ADA672C44}.Debug|x86.Build.0 = Debug|x86
		{69C8FECE-C2A7-4521-9E3C-523ADA672C44}.Release|x64.ActiveCfg = Release|x64
		{69C8FECE-C2A7-4521-9E3C-523ADA672C44}.Release|x64.Build.0 = Release|x64
		{69C8FECE-C2A7-4521-9E3C-523ADA672C44}.Release|x86.ActiveCfg = Release|x86
		{69C8FECE-C2A7-4521-9E3C-523ADA672C44}.Release|x86.Build.0 = Release|x86
		{E137B7C3-5DC7-43B9-B970-E2F6B3A15805}.Debug|x64.ActiveCfg = Debug|x64
		{E137B7C3-5DC7-43B9-B970-E2F6B3A15805}.Debug|x64.Build.0 = Debug|x64
		{E137B7C3-5DC7-43B9-B970-E2F6B3A15805}.Debug|x86.ActiveCfg = Debug|x86
		{E137B7C3-5DC7-43B9-B970-E2F6B3A15805}.Debug|x86.Build.0 = Debug|x86
		{E137B7C3-5DC7-43B9-B970-E2F6B3A15805}.Release|x64.ActiveCfg = Release|x64
		{E137B7C3-5DC7-43B9-B970-E2F6B3A15805}.Release|x64.Build.0 = Release|x64
		{E137B7C3-5DC7-43B9-B970-E2F6B3A15805}.Release|x86.ActiveCfg = Release|x86
		{E137B7C3-5DC7-43B9-B970-E2F6B3A15805}.Release|x86.Build.0 = Release|x86
		{B2FFD123-6E0C-4FA9-A1BE-7BED73D0C7BE}.Debug|x64.ActiveCfg = Debug|x64
		{B2FFD123-6E0C-4FA9-A1BE-7BED73D0C7BE}.Debug|x64.Build.0 = Debug|x64
		{B2FFD123-6E0C-4FA9-A1BE-7BED73D0C7BE}.Debug|x86.ActiveCfg = Debug|x86
		{B2FFD123-6E0C-4FA9-A1BE-7BED73D0C7BE}.Debug|x86.Build.0 = Debug|x86
		{B2FFD123-6E0C-4FA9-A1BE-7BED73D0C7BE}.Release|x64.ActiveCfg = Release|x64
		{B2FFD123-6E0C-4FA9-A1BE-7BED73D0C7BE}.Release|x64.Build.0 = Release|x64
		{B2FFD123-6E0C-4FA9-A1BE-7BED73D0C7BE}.Release|x86.ActiveCfg = Release|x86
		{B2FFD123-6E0C-4FA9-A1BE-7BED73D0C7BE}.Release|x86.Build.0 = Release|x86
		{0C7626A1-5B2C-42A1-B4C2-EF84F8FC0F72}.Debug|x64.ActiveCfg = Debug|x64
		{0C7626A1-5B2C-42A1-B4C2-EF84F8FC0F72}.Debug|x64.Build.0 = Debug|x64
		{0C7626A1-5B2C-42A1-B4C2-EF84F8FC0F72}.Debug|x86.ActiveCfg = Debug|x86
		{0C7626A1-5B2C-42A1-B4C2-EF84F8FC0F72}.Debug|x86.Build.0 = Debug|x86
		{0C7626A1-5B2C-42A1-B4C2-EF84F8FC0F72}.Release|x64.ActiveCfg = Release|x64
		{0C7626A1-5B2C-42A1-B4C2-EF84F8FC0F72}.Release|x64.Build.0 = Release|x64
		{0C7626A1-5B2C-42A1-B4C2-EF84F8FC0F72}.Release|x86.ActiveCfg = Release|x86
		{0C7626A1-5B2C-42A1-B4C2-EF84F8FC0F72}.Release|x86.Build.0 = Release|x86
		{39207DED-C018-4B62-8F1E-A1B18AD54B3B}.Debug|x64.ActiveCfg = Debug|x64
		{39207DED-C018-4B62-8F1E-A1B18AD54B3B}.Debug|x64.Build.0 = Debug|x64
		{39207DED-C018-4B62-8F1E-A1B18AD54B3B}.Debug|x86.ActiveCfg = Debug|Win32
		{39207DED-C018-4B62-8F1E-A1B18AD54B3B}.Debug|x86.Build.0 = Debug|Win32
		{39207DED-C018-4B62-8F1E-A1B18AD54B3B}.Release|x64.ActiveCfg = Release|x64
		{39207DED-C018-4B62-8F1E-A1B18AD54B3B}.Release|x64.Build.0 = Release|x64
		{39207DED-C018-4B62-8F1E-A1B18AD54B3B}.Release|x86.ActiveCfg = Release|Win32
		{39207DED-C018-4B62-8F1E-A1B18AD54B3B}.Release|x86.Build.0 = Release|Win32
		{01188394-82B4-4D42-9962-97ED3864DA48}.Debug|x64.ActiveCfg = Debug|x64
		{01188394-82B4-4D42-9962-97ED3864DA48}.Debug|x64.Build.0 = Debug|x64
		{01188394-82B4-4D42-9962-97ED3864DA48}.Debug|x86.ActiveCfg = Debug|x86
		{01188394-82B4-4D42-9962-97ED3864DA48}.Debug|x86.Build.0 = Debug|x86
		{01188394-82B4-4D42-9962-97ED3864DA48}.Release|x64.ActiveCfg = Release|x64
		{01188394-82B4-4D42-9962-97ED3864DA48}.Release|x64.Build.0 = Release|x64
		{01188394-82B4-4D42-9962-97ED3864DA48}.Release|x86.ActiveCfg = Release|x86
		{01188394-82B4-4D42-9962-97ED3864DA48}.Release|x86.Build.0 = Release|x86
		{49CE691D-B7FD-4D53-A072-E9EA041A2617}.Debug|x64.ActiveCfg = Debug|x64
		{49CE691D-B7FD-4D53-A072-E9EA041A2617}.Debug|x64.Build.0 = Debug|x64
		{49CE691D-B7FD-4D53-A072-E9EA041A2617}.Debug|x86.ActiveCfg = Debug|x86
		{49CE691D-B7FD-4D53-A072-E9EA041A2617}.Debug|x86.Build.0 = Debug|x86
		{49CE691D-B7FD-4D53-A072-E9EA041A2617}.Release|x64.ActiveCfg = Release|x64
		{49CE691D-B7FD-4D53-A072-E9EA041A2617}.Release|x64.Build.0 = Release|x64
		{49CE691D-B7FD-4D53-A072-E9EA041A2617}.Release|x86.ActiveCfg = Release|x86
		{49CE691D-B7FD-4D53-A072-E9EA041A2617}.Release|x86.Build.0 = Release|x86
		{68EE7BDD-1C33-43C2-8069-DD8438C282CA}.Debug|x64.ActiveCfg = Debug|x64
		{68EE7BDD-1C33-43C2-8069-DD8438C282CA}.Debug|x64.Build.0 = Debug|x64
		{68EE7BDD-1C33-43C2-8069-DD8438C282CA}.Debug|x86.ActiveCfg = Debug|x86
		{68EE7BDD-1C33-43C2-8069-DD8438C282CA}.Debug|x86.Build.0 = Debug|x86
		{68EE7BDD-1C33-43C2-8069-DD8438C282CA}.Release|x64.ActiveCfg = Release|x64
		{68EE7BDD-1C33-43C2-8069-DD8438C282CA}.Release|x64.Build.0 = Release|x64
		{68EE7BDD-1C33-43C2-8069-DD8438C282CA}.Release|x86.ActiveCfg = Release|x86
		{68EE7BDD-1C33-43C2-8069-DD8438C282CA}.Release|x86.Build.0 = Release|x86
		{1060896C-7C82-4442-B87A-30937572A165}.Debug|x64.ActiveCfg = Debug|x64
		{1060896C-7C82-4442-B87A-30937572A165}.Debug|x64.Build.0 = Debug|x64
		{1060896C-7C82-4442-B87A-30937572A165}.Debug|x86.ActiveCfg = Debug|x86
		{1060896C-7C82-4442-B87A-30937572A165}.Debug|x86.Build.0 = Debug|x86
		{1060896C-7C82-4442-B87A-30937572A165}.Release|x64.ActiveCfg = Release|x64
		{1060896C-7C82-4442-B87A-30937572A165}.Release|x64.Build.0 = Release|x64
		{1060896C-7C82-4442-B87A-30937572A165}.Release|x86.ActiveCfg = Release|x86
		{1060896C-7C82-4442-B87A-30937572A165}.Release|x86.Build.0 = Release|x86
		{25AC9582-02CB-43D0-B3C3-2A59C87EB7D3}.Debug|x64.ActiveCfg = Debug|x64
		{25AC9582-02CB-43D0-B3C3-2A59C87EB7D3}.Debug|x64.Build.0 = Debug|x64
		{25AC9582-02CB-43D0-B3C3-2A59C87EB7D3}.Debug|x86.ActiveCfg = Debug|x86
		{25AC9582-02CB-43D0-B3C3-2A59C87EB7D3}.Debug|x86.Build.0 = Debug|x86
		{25AC9582-02CB-43D0-B3C3-2A59C87EB7D3}.Release|x64.ActiveCfg = Release|x64
		{25AC9582-02CB-43D0-B3C3-2A59C87EB7D3}.Release|x64.Build.0 = Release|x64
		{25AC9582-02CB-43D0-B3C3-2A59C87EB7D3}.Release|x86.ActiveCfg = Release|x86
		{25AC9582-02CB-43D0-B3C3-2A59C87EB7D3}.Release|x86.Build.0 = Release|x86
		{682997DE-4255-4356-BF97-9BDCDB5C15BC}.Debug|x64.ActiveCfg = Debug|x64
		{682997DE-4255-4356-BF97-9BDCDB5C15BC}.Debug|x64.Build.0 = Debug|x64
		{682997DE-4255-4356-BF97-9BDCDB5C15BC}.Debug|x86.ActiveCfg = Debug|x86
		{682997DE-4255-4356-BF97-9BDCDB5C15BC}.Debug|x86.Build.0 = Debug|x86
		{682997DE-4255-4356-BF97-9BDCDB5C15BC}.Release|x64.ActiveCfg = Release|x64
		{682997DE-4255-4356-BF97-9BDCDB5C15BC}.Release|x64.Build.0 = Release|x64
		{682997DE-4255-4356-BF97-9BDCDB5C15BC}.Release|x86.ActiveCfg = Release|x86
		{682997DE-4255-4356-BF97-9BDCDB5C15BC}.Release|x86.Build.0 = Release|x86
		{8A5B99B8-85DC-4221-94EA-670B1A361F7F}.Debug|x64.ActiveCfg = Debug|x64
		{8A5B99B8-85DC-4221-94EA-670B1A361F7F}.Debug|x64.Build.0 = Debug|x64
		{8A5B99B8-85DC-4221-94EA-670B1A361F7F}.Debug|x86.ActiveCfg = Debug|Any CPU
		{8A5B99B8-85DC-4221-94EA-670B1A361F7F}.Debug|x86.Build.0 = Debug|Any CPU
		{8A5B99B8-85DC-4221-94EA-670B1A361F7F}.Release|x64.ActiveCfg = Release|x64
		{8A5B99B8-85DC-4221-94EA-670B1A361F7F}.Release|x64.Build.0 = Release|x64
		{8A5B99B8-85DC-4221-94EA-670B1A361F7F}.Release|x86.ActiveCfg = Release|Any CPU
		{8A5B99B8-85DC-4221-94EA-670B1A361F7F}.Release|x86.Build.0 = Release|Any CPU
	EndGlobalSection
	GlobalSection(SolutionProperties) = preSolution
		HideSolutionNode = FALSE
	EndGlobalSection
	GlobalSection(NestedProjects) = preSolution
		{151AE681-22CC-404D-A759-8D80BF85E9F1} = {0128DA73-F695-40DD-AF41-6832E9B7187B}
		{99BBCD07-D169-4EC1-A47B-2AB467EF99D6} = {76278E1B-8FA4-4D5D-AD81-815BAC067D8A}
		{1210A1A4-8446-4D38-A8C4-19EE053518ED} = {76278E1B-8FA4-4D5D-AD81-815BAC067D8A}
		{A281A863-46CD-4E26-8443-9A083D12FCD8} = {76278E1B-8FA4-4D5D-AD81-815BAC067D8A}
		{A7328287-CF48-415F-BD89-3195DE4693E1} = {FA743D56-B1D7-4CA4-A4CD-60DCE2C8A184}
		{40E46261-B669-428C-9AB9-622334850DDE} = {FA743D56-B1D7-4CA4-A4CD-60DCE2C8A184}
		{350A3A81-BF89-4339-AF82-35F50E0B88FC} = {0128DA73-F695-40DD-AF41-6832E9B7187B}
		{85000F39-5659-4F9F-BD62-F480B90BCEA1} = {FA743D56-B1D7-4CA4-A4CD-60DCE2C8A184}
		{4CFA0073-08FD-4B87-A03B-6B3AA2185C0F} = {FA743D56-B1D7-4CA4-A4CD-60DCE2C8A184}
		{FA743D56-B1D7-4CA4-A4CD-60DCE2C8A184} = {76278E1B-8FA4-4D5D-AD81-815BAC067D8A}
		{C9F64325-C1EB-4092-8D0B-7D76884336FB} = {FA743D56-B1D7-4CA4-A4CD-60DCE2C8A184}
		{E3AF1316-FD3A-4A46-BB2E-EAD130873A36} = {FA743D56-B1D7-4CA4-A4CD-60DCE2C8A184}
		{B7EE3549-C2E4-4A87-AFAF-B0593CE6F0E3} = {FA743D56-B1D7-4CA4-A4CD-60DCE2C8A184}
		{69C8FECE-C2A7-4521-9E3C-523ADA672C44} = {FA743D56-B1D7-4CA4-A4CD-60DCE2C8A184}
		{E137B7C3-5DC7-43B9-B970-E2F6B3A15805} = {FA743D56-B1D7-4CA4-A4CD-60DCE2C8A184}
		{B2FFD123-6E0C-4FA9-A1BE-7BED73D0C7BE} = {FA743D56-B1D7-4CA4-A4CD-60DCE2C8A184}
		{0C7626A1-5B2C-42A1-B4C2-EF84F8FC0F72} = {76278E1B-8FA4-4D5D-AD81-815BAC067D8A}
		{39207DED-C018-4B62-8F1E-A1B18AD54B3B} = {0128DA73-F695-40DD-AF41-6832E9B7187B}
		{01188394-82B4-4D42-9962-97ED3864DA48} = {76278E1B-8FA4-4D5D-AD81-815BAC067D8A}
		{49CE691D-B7FD-4D53-A072-E9EA041A2617} = {76278E1B-8FA4-4D5D-AD81-815BAC067D8A}
		{68EE7BDD-1C33-43C2-8069-DD8438C282CA} = {76278E1B-8FA4-4D5D-AD81-815BAC067D8A}
		{1060896C-7C82-4442-B87A-30937572A165} = {76278E1B-8FA4-4D5D-AD81-815BAC067D8A}
		{25AC9582-02CB-43D0-B3C3-2A59C87EB7D3} = {76278E1B-8FA4-4D5D-AD81-815BAC067D8A}
		{682997DE-4255-4356-BF97-9BDCDB5C15BC} = {76278E1B-8FA4-4D5D-AD81-815BAC067D8A}
		{8A5B99B8-85DC-4221-94EA-670B1A361F7F} = {76278E1B-8FA4-4D5D-AD81-815BAC067D8A}
	EndGlobalSection
	GlobalSection(ExtensibilityGlobals) = postSolution
		SolutionGuid = {8082DB46-2DDF-4B0C-BDE9-00E1A0306198}
	EndGlobalSection
EndGlobal
