
Microsoft Visual Studio Solution File, Format Version 11.00
# Visual Studio 2010
Project("{8BC9CEB8-8B4A-11D0-8D11-00A0C91BC942}") = "D2DWrapper", "D2DWrapper\D2DWrapper.vcxproj", "{151AE681-22CC-404D-A759-8D80BF85E9F1}"
EndProject
Project("{FAE04EC0-301F-11D3-BF4B-00C04F79EFBC}") = "D2DWrapper.Sample", "D2DWrapper.Sample\D2DWrapper.Sample.csproj", "{99BBCD07-D169-4EC1-A47B-2AB467EF99D6}"
EndProject
Project("{2150E333-8FDC-42A3-9474-1A3956D46DE8}") = "Samples", "Samples", "{76278E1B-8FA4-4D5D-AD81-815BAC067D8A}"
EndProject
Project("{FAE04EC0-301F-11D3-BF4B-00C04F79EFBC}") = "DykBits.D2DShart.ImageViewer", "DykBits.D2DShart.ImageViewer\DykBits.D2DShart.ImageViewer.csproj", "{1210A1A4-8446-4D38-A8C4-19EE053518ED}"
EndProject
Project("{2150E333-8FDC-42A3-9474-1A3956D46DE8}") = "Solution Items", "Solution Items", "{B8FC6064-A18E-4EB2-84A4-DC68FBB634C1}"
	ProjectSection(SolutionItems) = preProject
		license.txt = license.txt
	EndProjectSection
EndProject
Global
	GlobalSection(TeamFoundationVersionControl) = preSolution
		SccNumberOfProjects = 4
		SccEnterpriseProvider = {4CA58AB2-18FA-4F8D-95D4-32DDF27D184C}
		SccTeamFoundationServer = https://tfs07.codeplex.com/
		SccProjectUniqueName0 = D2DWrapper.Sample\\D2DWrapper.Sample.csproj
		SccProjectName0 = D2DWrapper.Sample
		SccLocalPath0 = D2DWrapper.Sample
		SccProjectUniqueName1 = D2DWrapper\\D2DWrapper.vcxproj
		SccProjectName1 = D2DWrapper
		SccLocalPath1 = D2DWrapper
		SccLocalPath2 = .
		SccProjectUniqueName3 = DykBits.D2DShart.ImageViewer\\DykBits.D2DShart.ImageViewer.csproj
		SccProjectTopLevelParentUniqueName3 = D2DSharp.sln
		SccProjectName3 = DykBits.D2DShart.ImageViewer
		SccLocalPath3 = DykBits.D2DShart.ImageViewer
	EndGlobalSection
	GlobalSection(SolutionConfigurationPlatforms) = preSolution
		Debug|Mixed Platforms = Debug|Mixed Platforms
		Debug|Win32 = Debug|Win32
		Debug|x86 = Debug|x86
		Release|Mixed Platforms = Release|Mixed Platforms
		Release|Win32 = Release|Win32
		Release|x86 = Release|x86
	EndGlobalSection
	GlobalSection(ProjectConfigurationPlatforms) = postSolution
		{151AE681-22CC-404D-A759-8D80BF85E9F1}.Debug|Mixed Platforms.ActiveCfg = Debug|Win32
		{151AE681-22CC-404D-A759-8D80BF85E9F1}.Debug|Mixed Platforms.Build.0 = Debug|Win32
		{151AE681-22CC-404D-A759-8D80BF85E9F1}.Debug|Win32.ActiveCfg = Debug|Win32
		{151AE681-22CC-404D-A759-8D80BF85E9F1}.Debug|Win32.Build.0 = Debug|Win32
		{151AE681-22CC-404D-A759-8D80BF85E9F1}.Debug|x86.ActiveCfg = Debug|Win32
		{151AE681-22CC-404D-A759-8D80BF85E9F1}.Release|Mixed Platforms.ActiveCfg = Release|Win32
		{151AE681-22CC-404D-A759-8D80BF85E9F1}.Release|Mixed Platforms.Build.0 = Release|Win32
		{151AE681-22CC-404D-A759-8D80BF85E9F1}.Release|Win32.ActiveCfg = Release|Win32
		{151AE681-22CC-404D-A759-8D80BF85E9F1}.Release|Win32.Build.0 = Release|Win32
		{151AE681-22CC-404D-A759-8D80BF85E9F1}.Release|x86.ActiveCfg = Release|Win32
		{99BBCD07-D169-4EC1-A47B-2AB467EF99D6}.Debug|Mixed Platforms.ActiveCfg = Debug|x86
		{99BBCD07-D169-4EC1-A47B-2AB467EF99D6}.Debug|Mixed Platforms.Build.0 = Debug|x86
		{99BBCD07-D169-4EC1-A47B-2AB467EF99D6}.Debug|Win32.ActiveCfg = Debug|x86
		{99BBCD07-D169-4EC1-A47B-2AB467EF99D6}.Debug|x86.ActiveCfg = Debug|x86
		{99BBCD07-D169-4EC1-A47B-2AB467EF99D6}.Debug|x86.Build.0 = Debug|x86
		{99BBCD07-D169-4EC1-A47B-2AB467EF99D6}.Release|Mixed Platforms.ActiveCfg = Release|x86
		{99BBCD07-D169-4EC1-A47B-2AB467EF99D6}.Release|Mixed Platforms.Build.0 = Release|x86
		{99BBCD07-D169-4EC1-A47B-2AB467EF99D6}.Release|Win32.ActiveCfg = Release|x86
		{99BBCD07-D169-4EC1-A47B-2AB467EF99D6}.Release|x86.ActiveCfg = Release|x86
		{99BBCD07-D169-4EC1-A47B-2AB467EF99D6}.Release|x86.Build.0 = Release|x86
		{1210A1A4-8446-4D38-A8C4-19EE053518ED}.Debug|Mixed Platforms.ActiveCfg = Debug|x86
		{1210A1A4-8446-4D38-A8C4-19EE053518ED}.Debug|Mixed Platforms.Build.0 = Debug|x86
		{1210A1A4-8446-4D38-A8C4-19EE053518ED}.Debug|Win32.ActiveCfg = Debug|x86
		{1210A1A4-8446-4D38-A8C4-19EE053518ED}.Debug|x86.ActiveCfg = Debug|x86
		{1210A1A4-8446-4D38-A8C4-19EE053518ED}.Debug|x86.Build.0 = Debug|x86
		{1210A1A4-8446-4D38-A8C4-19EE053518ED}.Release|Mixed Platforms.ActiveCfg = Release|x86
		{1210A1A4-8446-4D38-A8C4-19EE053518ED}.Release|Mixed Platforms.Build.0 = Release|x86
		{1210A1A4-8446-4D38-A8C4-19EE053518ED}.Release|Win32.ActiveCfg = Release|x86
		{1210A1A4-8446-4D38-A8C4-19EE053518ED}.Release|x86.ActiveCfg = Release|x86
		{1210A1A4-8446-4D38-A8C4-19EE053518ED}.Release|x86.Build.0 = Release|x86
	EndGlobalSection
	GlobalSection(SolutionProperties) = preSolution
		HideSolutionNode = FALSE
	EndGlobalSection
	GlobalSection(NestedProjects) = preSolution
		{1210A1A4-8446-4D38-A8C4-19EE053518ED} = {76278E1B-8FA4-4D5D-AD81-815BAC067D8A}
	EndGlobalSection
EndGlobal
