
Microsoft Visual Studio Solution File, Format Version 11.00
# Visual Studio 2010
Project("{8BC9CEB8-8B4A-11D0-8D11-00A0C91BC942}") = "D2DWrapper", "D2DWrapper\D2DWrapper.vcxproj", "{151AE681-22CC-404D-A759-8D80BF85E9F1}"
EndProject
Project("{FAE04EC0-301F-11D3-BF4B-00C04F79EFBC}") = "Managed.D2DSharp.Sample1", "D2DWrapper.Sample\Managed.D2DSharp.Sample1.csproj", "{99BBCD07-D169-4EC1-A47B-2AB467EF99D6}"
EndProject
Project("{2150E333-8FDC-42A3-9474-1A3956D46DE8}") = "Samples", "Samples", "{76278E1B-8FA4-4D5D-AD81-815BAC067D8A}"
EndProject
Project("{FAE04EC0-301F-11D3-BF4B-00C04F79EFBC}") = "Managed.D2DSharp.ImageViewer", "DykBits.D2DShart.ImageViewer\Managed.D2DSharp.ImageViewer.csproj", "{1210A1A4-8446-4D38-A8C4-19EE053518ED}"
EndProject
Project("{2150E333-8FDC-42A3-9474-1A3956D46DE8}") = "Solution Items", "Solution Items", "{B8FC6064-A18E-4EB2-84A4-DC68FBB634C1}"
	ProjectSection(SolutionItems) = preProject
		license.txt = license.txt
	EndProjectSection
EndProject
Project("{FAE04EC0-301F-11D3-BF4B-00C04F79EFBC}") = "Managed.D2DSharp.Sample2", "DykBits.D2DSharp.Sample2\Managed.D2DSharp.Sample2.csproj", "{A281A863-46CD-4E26-8443-9A083D12FCD8}"
EndProject
Project("{FAE04EC0-301F-11D3-BF4B-00C04F79EFBC}") = "Managed.D2DSharp.AdvancedPathGeometries", "DykBits.D2DSharp.Sample3\Managed.D2DSharp.AdvancedPathGeometries.csproj", "{A7328287-CF48-415F-BD89-3195DE4693E1}"
EndProject
Project("{FAE04EC0-301F-11D3-BF4B-00C04F79EFBC}") = "Managed.D2DSharp.BrushTypes", "DykBits.D2DSharp.BrushTypes\Managed.D2DSharp.BrushTypes.csproj", "{40E46261-B669-428C-9AB9-622334850DDE}"
EndProject
Project("{2150E333-8FDC-42A3-9474-1A3956D46DE8}") = "SourceCode", "SourceCode", "{0128DA73-F695-40DD-AF41-6832E9B7187B}"
EndProject
Project("{FAE04EC0-301F-11D3-BF4B-00C04F79EFBC}") = "Managed.Graphics.Forms", "DykBits.Graphics.Forms\Managed.Graphics.Forms.csproj", "{350A3A81-BF89-4339-AF82-35F50E0B88FC}"
EndProject
Project("{FAE04EC0-301F-11D3-BF4B-00C04F79EFBC}") = "Managed.D2DSharp.ClipWithLayers", "DykBits.D2DSharp.ClipWithLayers\Managed.D2DSharp.ClipWithLayers.csproj", "{85000F39-5659-4F9F-BD62-F480B90BCEA1}"
EndProject
Project("{FAE04EC0-301F-11D3-BF4B-00C04F79EFBC}") = "Managed.D2DSharp.CombineGeometries", "DykBits.D2DSharp.CombineGeometries\Managed.D2DSharp.CombineGeometries.csproj", "{4CFA0073-08FD-4B87-A03B-6B3AA2185C0F}"
EndProject
Project("{2150E333-8FDC-42A3-9474-1A3956D46DE8}") = "SDK Demos", "SDK Demos", "{FA743D56-B1D7-4CA4-A4CD-60DCE2C8A184}"
EndProject
Project("{FAE04EC0-301F-11D3-BF4B-00C04F79EFBC}") = "Managed.D2DSharp.SimpleText", "DykBits.D2DSharp.SimpleText\Managed.D2DSharp.SimpleText.csproj", "{C9F64325-C1EB-4092-8D0B-7D76884336FB}"
EndProject
Project("{FAE04EC0-301F-11D3-BF4B-00C04F79EFBC}") = "Managed.D2DSharp.DirectWrite.HitTesting", "Managed.D2DSharp.DirectWrite.HitTesting\Managed.D2DSharp.DirectWrite.HitTesting.csproj", "{E3AF1316-FD3A-4A46-BB2E-EAD130873A36}"
EndProject
Project("{FAE04EC0-301F-11D3-BF4B-00C04F79EFBC}") = "Managed.D2DSharp.DirectWrite.CustomLayout", "Managed.D2DSharp.DirectWrite.CustomLayout\Managed.D2DSharp.DirectWrite.CustomLayout.csproj", "{B7EE3549-C2E4-4A87-AFAF-B0593CE6F0E3}"
EndProject
Global
	GlobalSection(TeamFoundationVersionControl) = preSolution
		SccNumberOfProjects = 13
		SccEnterpriseProvider = {4CA58AB2-18FA-4F8D-95D4-32DDF27D184C}
		SccTeamFoundationServer = https://tfs07.codeplex.com/
		SccLocalPath0 = .
		SccProjectUniqueName1 = D2DWrapper\\D2DWrapper.vcxproj
		SccProjectTopLevelParentUniqueName1 = D2DSharp.sln
		SccProjectName1 = D2DWrapper
		SccLocalPath1 = D2DWrapper
		SccProjectUniqueName2 = DykBits.Graphics.Forms\\Managed.Graphics.Forms.csproj
		SccProjectTopLevelParentUniqueName2 = D2DSharp.sln
		SccProjectName2 = DykBits.Graphics.Forms
		SccLocalPath2 = DykBits.Graphics.Forms
		SccProjectUniqueName3 = DykBits.D2DSharp.Sample3\\Managed.D2DSharp.AdvancedPathGeometries.csproj
		SccProjectTopLevelParentUniqueName3 = D2DSharp.sln
		SccProjectName3 = DykBits.D2DSharp.Sample3
		SccLocalPath3 = DykBits.D2DSharp.Sample3
		SccProjectUniqueName4 = DykBits.D2DSharp.BrushTypes\\Managed.D2DSharp.BrushTypes.csproj
		SccProjectTopLevelParentUniqueName4 = D2DSharp.sln
		SccProjectName4 = DykBits.D2DSharp.BrushTypes
		SccLocalPath4 = DykBits.D2DSharp.BrushTypes
		SccProjectUniqueName5 = DykBits.D2DSharp.SimpleText\\Managed.D2DSharp.SimpleText.csproj
		SccProjectTopLevelParentUniqueName5 = D2DSharp.sln
		SccProjectName5 = DykBits.D2DSharp.SimpleText
		SccLocalPath5 = DykBits.D2DSharp.SimpleText
		SccProjectUniqueName6 = DykBits.D2DSharp.CombineGeometries\\Managed.D2DSharp.CombineGeometries.csproj
		SccProjectTopLevelParentUniqueName6 = D2DSharp.sln
		SccProjectName6 = DykBits.D2DSharp.CombineGeometries
		SccLocalPath6 = DykBits.D2DSharp.CombineGeometries
		SccProjectUniqueName7 = DykBits.D2DSharp.ClipWithLayers\\Managed.D2DSharp.ClipWithLayers.csproj
		SccProjectTopLevelParentUniqueName7 = D2DSharp.sln
		SccProjectName7 = DykBits.D2DSharp.ClipWithLayers
		SccLocalPath7 = DykBits.D2DSharp.ClipWithLayers
		SccProjectUniqueName8 = DykBits.D2DShart.ImageViewer\\Managed.D2DSharp.ImageViewer.csproj
		SccProjectTopLevelParentUniqueName8 = D2DSharp.sln
		SccProjectName8 = DykBits.D2DShart.ImageViewer
		SccLocalPath8 = DykBits.D2DShart.ImageViewer
		SccProjectUniqueName9 = D2DWrapper.Sample\\Managed.D2DSharp.Sample1.csproj
		SccProjectTopLevelParentUniqueName9 = D2DSharp.sln
		SccProjectName9 = D2DWrapper.Sample
		SccLocalPath9 = D2DWrapper.Sample
		SccProjectUniqueName10 = DykBits.D2DSharp.Sample2\\Managed.D2DSharp.Sample2.csproj
		SccProjectTopLevelParentUniqueName10 = D2DSharp.sln
		SccProjectName10 = DykBits.D2DSharp.Sample2
		SccLocalPath10 = DykBits.D2DSharp.Sample2
		SccProjectUniqueName11 = Managed.D2DSharp.DirectWrite.HitTesting\\Managed.D2DSharp.DirectWrite.HitTesting.csproj
		SccProjectTopLevelParentUniqueName11 = D2DSharp.sln
		SccProjectName11 = Managed.D2DSharp.DirectWrite.HitTesting
		SccLocalPath11 = Managed.D2DSharp.DirectWrite.HitTesting
		SccProjectUniqueName12 = Managed.D2DSharp.DirectWrite.CustomLayout\\Managed.D2DSharp.DirectWrite.CustomLayout.csproj
		SccProjectTopLevelParentUniqueName12 = D2DSharp.sln
		SccProjectName12 = Managed.D2DSharp.DirectWrite.CustomLayout
		SccLocalPath12 = Managed.D2DSharp.DirectWrite.CustomLayout
	EndGlobalSection
	GlobalSection(SolutionConfigurationPlatforms) = preSolution
		Debug|Any CPU = Debug|Any CPU
		Debug|Mixed Platforms = Debug|Mixed Platforms
		Debug|Win32 = Debug|Win32
		Debug|x86 = Debug|x86
		Release|Any CPU = Release|Any CPU
		Release|Mixed Platforms = Release|Mixed Platforms
		Release|Win32 = Release|Win32
		Release|x86 = Release|x86
	EndGlobalSection
	GlobalSection(ProjectConfigurationPlatforms) = postSolution
		{151AE681-22CC-404D-A759-8D80BF85E9F1}.Debug|Any CPU.ActiveCfg = Debug|Win32
		{151AE681-22CC-404D-A759-8D80BF85E9F1}.Debug|Mixed Platforms.ActiveCfg = Debug|Win32
		{151AE681-22CC-404D-A759-8D80BF85E9F1}.Debug|Mixed Platforms.Build.0 = Debug|Win32
		{151AE681-22CC-404D-A759-8D80BF85E9F1}.Debug|Win32.ActiveCfg = Debug|Win32
		{151AE681-22CC-404D-A759-8D80BF85E9F1}.Debug|Win32.Build.0 = Debug|Win32
		{151AE681-22CC-404D-A759-8D80BF85E9F1}.Debug|x86.ActiveCfg = Debug|Win32
		{151AE681-22CC-404D-A759-8D80BF85E9F1}.Release|Any CPU.ActiveCfg = Release|Win32
		{151AE681-22CC-404D-A759-8D80BF85E9F1}.Release|Mixed Platforms.ActiveCfg = Release|Win32
		{151AE681-22CC-404D-A759-8D80BF85E9F1}.Release|Mixed Platforms.Build.0 = Release|Win32
		{151AE681-22CC-404D-A759-8D80BF85E9F1}.Release|Win32.ActiveCfg = Release|Win32
		{151AE681-22CC-404D-A759-8D80BF85E9F1}.Release|Win32.Build.0 = Release|Win32
		{151AE681-22CC-404D-A759-8D80BF85E9F1}.Release|x86.ActiveCfg = Release|Win32
		{99BBCD07-D169-4EC1-A47B-2AB467EF99D6}.Debug|Any CPU.ActiveCfg = Debug|x86
		{99BBCD07-D169-4EC1-A47B-2AB467EF99D6}.Debug|Mixed Platforms.ActiveCfg = Debug|x86
		{99BBCD07-D169-4EC1-A47B-2AB467EF99D6}.Debug|Mixed Platforms.Build.0 = Debug|x86
		{99BBCD07-D169-4EC1-A47B-2AB467EF99D6}.Debug|Win32.ActiveCfg = Debug|x86
		{99BBCD07-D169-4EC1-A47B-2AB467EF99D6}.Debug|x86.ActiveCfg = Debug|x86
		{99BBCD07-D169-4EC1-A47B-2AB467EF99D6}.Debug|x86.Build.0 = Debug|x86
		{99BBCD07-D169-4EC1-A47B-2AB467EF99D6}.Release|Any CPU.ActiveCfg = Release|x86
		{99BBCD07-D169-4EC1-A47B-2AB467EF99D6}.Release|Mixed Platforms.ActiveCfg = Release|x86
		{99BBCD07-D169-4EC1-A47B-2AB467EF99D6}.Release|Mixed Platforms.Build.0 = Release|x86
		{99BBCD07-D169-4EC1-A47B-2AB467EF99D6}.Release|Win32.ActiveCfg = Release|x86
		{99BBCD07-D169-4EC1-A47B-2AB467EF99D6}.Release|x86.ActiveCfg = Release|x86
		{99BBCD07-D169-4EC1-A47B-2AB467EF99D6}.Release|x86.Build.0 = Release|x86
		{1210A1A4-8446-4D38-A8C4-19EE053518ED}.Debug|Any CPU.ActiveCfg = Debug|x86
		{1210A1A4-8446-4D38-A8C4-19EE053518ED}.Debug|Mixed Platforms.ActiveCfg = Debug|x86
		{1210A1A4-8446-4D38-A8C4-19EE053518ED}.Debug|Mixed Platforms.Build.0 = Debug|x86
		{1210A1A4-8446-4D38-A8C4-19EE053518ED}.Debug|Win32.ActiveCfg = Debug|x86
		{1210A1A4-8446-4D38-A8C4-19EE053518ED}.Debug|x86.ActiveCfg = Debug|x86
		{1210A1A4-8446-4D38-A8C4-19EE053518ED}.Debug|x86.Build.0 = Debug|x86
		{1210A1A4-8446-4D38-A8C4-19EE053518ED}.Release|Any CPU.ActiveCfg = Release|x86
		{1210A1A4-8446-4D38-A8C4-19EE053518ED}.Release|Mixed Platforms.ActiveCfg = Release|x86
		{1210A1A4-8446-4D38-A8C4-19EE053518ED}.Release|Mixed Platforms.Build.0 = Release|x86
		{1210A1A4-8446-4D38-A8C4-19EE053518ED}.Release|Win32.ActiveCfg = Release|x86
		{1210A1A4-8446-4D38-A8C4-19EE053518ED}.Release|x86.ActiveCfg = Release|x86
		{1210A1A4-8446-4D38-A8C4-19EE053518ED}.Release|x86.Build.0 = Release|x86
		{A281A863-46CD-4E26-8443-9A083D12FCD8}.Debug|Any CPU.ActiveCfg = Debug|x86
		{A281A863-46CD-4E26-8443-9A083D12FCD8}.Debug|Mixed Platforms.ActiveCfg = Debug|x86
		{A281A863-46CD-4E26-8443-9A083D12FCD8}.Debug|Mixed Platforms.Build.0 = Debug|x86
		{A281A863-46CD-4E26-8443-9A083D12FCD8}.Debug|Win32.ActiveCfg = Debug|x86
		{A281A863-46CD-4E26-8443-9A083D12FCD8}.Debug|x86.ActiveCfg = Debug|x86
		{A281A863-46CD-4E26-8443-9A083D12FCD8}.Debug|x86.Build.0 = Debug|x86
		{A281A863-46CD-4E26-8443-9A083D12FCD8}.Release|Any CPU.ActiveCfg = Release|x86
		{A281A863-46CD-4E26-8443-9A083D12FCD8}.Release|Mixed Platforms.ActiveCfg = Release|x86
		{A281A863-46CD-4E26-8443-9A083D12FCD8}.Release|Mixed Platforms.Build.0 = Release|x86
		{A281A863-46CD-4E26-8443-9A083D12FCD8}.Release|Win32.ActiveCfg = Release|x86
		{A281A863-46CD-4E26-8443-9A083D12FCD8}.Release|x86.ActiveCfg = Release|x86
		{A281A863-46CD-4E26-8443-9A083D12FCD8}.Release|x86.Build.0 = Release|x86
		{A7328287-CF48-415F-BD89-3195DE4693E1}.Debug|Any CPU.ActiveCfg = Debug|x86
		{A7328287-CF48-415F-BD89-3195DE4693E1}.Debug|Mixed Platforms.ActiveCfg = Debug|x86
		{A7328287-CF48-415F-BD89-3195DE4693E1}.Debug|Mixed Platforms.Build.0 = Debug|x86
		{A7328287-CF48-415F-BD89-3195DE4693E1}.Debug|Win32.ActiveCfg = Debug|x86
		{A7328287-CF48-415F-BD89-3195DE4693E1}.Debug|x86.ActiveCfg = Debug|x86
		{A7328287-CF48-415F-BD89-3195DE4693E1}.Debug|x86.Build.0 = Debug|x86
		{A7328287-CF48-415F-BD89-3195DE4693E1}.Release|Any CPU.ActiveCfg = Release|x86
		{A7328287-CF48-415F-BD89-3195DE4693E1}.Release|Mixed Platforms.ActiveCfg = Release|x86
		{A7328287-CF48-415F-BD89-3195DE4693E1}.Release|Mixed Platforms.Build.0 = Release|x86
		{A7328287-CF48-415F-BD89-3195DE4693E1}.Release|Win32.ActiveCfg = Release|x86
		{A7328287-CF48-415F-BD89-3195DE4693E1}.Release|x86.ActiveCfg = Release|x86
		{A7328287-CF48-415F-BD89-3195DE4693E1}.Release|x86.Build.0 = Release|x86
		{40E46261-B669-428C-9AB9-622334850DDE}.Debug|Any CPU.ActiveCfg = Debug|x86
		{40E46261-B669-428C-9AB9-622334850DDE}.Debug|Mixed Platforms.ActiveCfg = Debug|x86
		{40E46261-B669-428C-9AB9-622334850DDE}.Debug|Mixed Platforms.Build.0 = Debug|x86
		{40E46261-B669-428C-9AB9-622334850DDE}.Debug|Win32.ActiveCfg = Debug|x86
		{40E46261-B669-428C-9AB9-622334850DDE}.Debug|x86.ActiveCfg = Debug|x86
		{40E46261-B669-428C-9AB9-622334850DDE}.Debug|x86.Build.0 = Debug|x86
		{40E46261-B669-428C-9AB9-622334850DDE}.Release|Any CPU.ActiveCfg = Release|x86
		{40E46261-B669-428C-9AB9-622334850DDE}.Release|Mixed Platforms.ActiveCfg = Release|x86
		{40E46261-B669-428C-9AB9-622334850DDE}.Release|Mixed Platforms.Build.0 = Release|x86
		{40E46261-B669-428C-9AB9-622334850DDE}.Release|Win32.ActiveCfg = Release|x86
		{40E46261-B669-428C-9AB9-622334850DDE}.Release|x86.ActiveCfg = Release|x86
		{40E46261-B669-428C-9AB9-622334850DDE}.Release|x86.Build.0 = Release|x86
		{350A3A81-BF89-4339-AF82-35F50E0B88FC}.Debug|Any CPU.ActiveCfg = Debug|Any CPU
		{350A3A81-BF89-4339-AF82-35F50E0B88FC}.Debug|Any CPU.Build.0 = Debug|Any CPU
		{350A3A81-BF89-4339-AF82-35F50E0B88FC}.Debug|Mixed Platforms.ActiveCfg = Debug|Any CPU
		{350A3A81-BF89-4339-AF82-35F50E0B88FC}.Debug|Mixed Platforms.Build.0 = Debug|Any CPU
		{350A3A81-BF89-4339-AF82-35F50E0B88FC}.Debug|Win32.ActiveCfg = Debug|Any CPU
		{350A3A81-BF89-4339-AF82-35F50E0B88FC}.Debug|x86.ActiveCfg = Debug|Any CPU
		{350A3A81-BF89-4339-AF82-35F50E0B88FC}.Release|Any CPU.ActiveCfg = Release|Any CPU
		{350A3A81-BF89-4339-AF82-35F50E0B88FC}.Release|Any CPU.Build.0 = Release|Any CPU
		{350A3A81-BF89-4339-AF82-35F50E0B88FC}.Release|Mixed Platforms.ActiveCfg = Release|Any CPU
		{350A3A81-BF89-4339-AF82-35F50E0B88FC}.Release|Mixed Platforms.Build.0 = Release|Any CPU
		{350A3A81-BF89-4339-AF82-35F50E0B88FC}.Release|Win32.ActiveCfg = Release|Any CPU
		{350A3A81-BF89-4339-AF82-35F50E0B88FC}.Release|x86.ActiveCfg = Release|Any CPU
		{85000F39-5659-4F9F-BD62-F480B90BCEA1}.Debug|Any CPU.ActiveCfg = Debug|x86
		{85000F39-5659-4F9F-BD62-F480B90BCEA1}.Debug|Mixed Platforms.ActiveCfg = Debug|x86
		{85000F39-5659-4F9F-BD62-F480B90BCEA1}.Debug|Mixed Platforms.Build.0 = Debug|x86
		{85000F39-5659-4F9F-BD62-F480B90BCEA1}.Debug|Win32.ActiveCfg = Debug|x86
		{85000F39-5659-4F9F-BD62-F480B90BCEA1}.Debug|x86.ActiveCfg = Debug|x86
		{85000F39-5659-4F9F-BD62-F480B90BCEA1}.Debug|x86.Build.0 = Debug|x86
		{85000F39-5659-4F9F-BD62-F480B90BCEA1}.Release|Any CPU.ActiveCfg = Release|x86
		{85000F39-5659-4F9F-BD62-F480B90BCEA1}.Release|Mixed Platforms.ActiveCfg = Release|x86
		{85000F39-5659-4F9F-BD62-F480B90BCEA1}.Release|Mixed Platforms.Build.0 = Release|x86
		{85000F39-5659-4F9F-BD62-F480B90BCEA1}.Release|Win32.ActiveCfg = Release|x86
		{85000F39-5659-4F9F-BD62-F480B90BCEA1}.Release|x86.ActiveCfg = Release|x86
		{85000F39-5659-4F9F-BD62-F480B90BCEA1}.Release|x86.Build.0 = Release|x86
		{4CFA0073-08FD-4B87-A03B-6B3AA2185C0F}.Debug|Any CPU.ActiveCfg = Debug|x86
		{4CFA0073-08FD-4B87-A03B-6B3AA2185C0F}.Debug|Mixed Platforms.ActiveCfg = Debug|x86
		{4CFA0073-08FD-4B87-A03B-6B3AA2185C0F}.Debug|Mixed Platforms.Build.0 = Debug|x86
		{4CFA0073-08FD-4B87-A03B-6B3AA2185C0F}.Debug|Win32.ActiveCfg = Debug|x86
		{4CFA0073-08FD-4B87-A03B-6B3AA2185C0F}.Debug|x86.ActiveCfg = Debug|x86
		{4CFA0073-08FD-4B87-A03B-6B3AA2185C0F}.Debug|x86.Build.0 = Debug|x86
		{4CFA0073-08FD-4B87-A03B-6B3AA2185C0F}.Release|Any CPU.ActiveCfg = Release|x86
		{4CFA0073-08FD-4B87-A03B-6B3AA2185C0F}.Release|Mixed Platforms.ActiveCfg = Release|x86
		{4CFA0073-08FD-4B87-A03B-6B3AA2185C0F}.Release|Mixed Platforms.Build.0 = Release|x86
		{4CFA0073-08FD-4B87-A03B-6B3AA2185C0F}.Release|Win32.ActiveCfg = Release|x86
		{4CFA0073-08FD-4B87-A03B-6B3AA2185C0F}.Release|x86.ActiveCfg = Release|x86
		{4CFA0073-08FD-4B87-A03B-6B3AA2185C0F}.Release|x86.Build.0 = Release|x86
		{C9F64325-C1EB-4092-8D0B-7D76884336FB}.Debug|Any CPU.ActiveCfg = Debug|x86
		{C9F64325-C1EB-4092-8D0B-7D76884336FB}.Debug|Mixed Platforms.ActiveCfg = Debug|x86
		{C9F64325-C1EB-4092-8D0B-7D76884336FB}.Debug|Mixed Platforms.Build.0 = Debug|x86
		{C9F64325-C1EB-4092-8D0B-7D76884336FB}.Debug|Win32.ActiveCfg = Debug|x86
		{C9F64325-C1EB-4092-8D0B-7D76884336FB}.Debug|x86.ActiveCfg = Debug|x86
		{C9F64325-C1EB-4092-8D0B-7D76884336FB}.Debug|x86.Build.0 = Debug|x86
		{C9F64325-C1EB-4092-8D0B-7D76884336FB}.Release|Any CPU.ActiveCfg = Release|x86
		{C9F64325-C1EB-4092-8D0B-7D76884336FB}.Release|Mixed Platforms.ActiveCfg = Release|x86
		{C9F64325-C1EB-4092-8D0B-7D76884336FB}.Release|Mixed Platforms.Build.0 = Release|x86
		{C9F64325-C1EB-4092-8D0B-7D76884336FB}.Release|Win32.ActiveCfg = Release|x86
		{C9F64325-C1EB-4092-8D0B-7D76884336FB}.Release|x86.ActiveCfg = Release|x86
		{C9F64325-C1EB-4092-8D0B-7D76884336FB}.Release|x86.Build.0 = Release|x86
		{E3AF1316-FD3A-4A46-BB2E-EAD130873A36}.Debug|Any CPU.ActiveCfg = Debug|x86
		{E3AF1316-FD3A-4A46-BB2E-EAD130873A36}.Debug|Mixed Platforms.ActiveCfg = Debug|x86
		{E3AF1316-FD3A-4A46-BB2E-EAD130873A36}.Debug|Mixed Platforms.Build.0 = Debug|x86
		{E3AF1316-FD3A-4A46-BB2E-EAD130873A36}.Debug|Win32.ActiveCfg = Debug|x86
		{E3AF1316-FD3A-4A46-BB2E-EAD130873A36}.Debug|x86.ActiveCfg = Debug|x86
		{E3AF1316-FD3A-4A46-BB2E-EAD130873A36}.Debug|x86.Build.0 = Debug|x86
		{E3AF1316-FD3A-4A46-BB2E-EAD130873A36}.Release|Any CPU.ActiveCfg = Release|x86
		{E3AF1316-FD3A-4A46-BB2E-EAD130873A36}.Release|Mixed Platforms.ActiveCfg = Release|x86
		{E3AF1316-FD3A-4A46-BB2E-EAD130873A36}.Release|Mixed Platforms.Build.0 = Release|x86
		{E3AF1316-FD3A-4A46-BB2E-EAD130873A36}.Release|Win32.ActiveCfg = Release|x86
		{E3AF1316-FD3A-4A46-BB2E-EAD130873A36}.Release|x86.ActiveCfg = Release|x86
		{E3AF1316-FD3A-4A46-BB2E-EAD130873A36}.Release|x86.Build.0 = Release|x86
		{B7EE3549-C2E4-4A87-AFAF-B0593CE6F0E3}.Debug|Any CPU.ActiveCfg = Debug|x86
		{B7EE3549-C2E4-4A87-AFAF-B0593CE6F0E3}.Debug|Mixed Platforms.ActiveCfg = Debug|x86
		{B7EE3549-C2E4-4A87-AFAF-B0593CE6F0E3}.Debug|Mixed Platforms.Build.0 = Debug|x86
		{B7EE3549-C2E4-4A87-AFAF-B0593CE6F0E3}.Debug|Win32.ActiveCfg = Debug|x86
		{B7EE3549-C2E4-4A87-AFAF-B0593CE6F0E3}.Debug|x86.ActiveCfg = Debug|x86
		{B7EE3549-C2E4-4A87-AFAF-B0593CE6F0E3}.Debug|x86.Build.0 = Debug|x86
		{B7EE3549-C2E4-4A87-AFAF-B0593CE6F0E3}.Release|Any CPU.ActiveCfg = Release|x86
		{B7EE3549-C2E4-4A87-AFAF-B0593CE6F0E3}.Release|Mixed Platforms.ActiveCfg = Release|x86
		{B7EE3549-C2E4-4A87-AFAF-B0593CE6F0E3}.Release|Mixed Platforms.Build.0 = Release|x86
		{B7EE3549-C2E4-4A87-AFAF-B0593CE6F0E3}.Release|Win32.ActiveCfg = Release|x86
		{B7EE3549-C2E4-4A87-AFAF-B0593CE6F0E3}.Release|x86.ActiveCfg = Release|x86
		{B7EE3549-C2E4-4A87-AFAF-B0593CE6F0E3}.Release|x86.Build.0 = Release|x86
	EndGlobalSection
	GlobalSection(SolutionProperties) = preSolution
		HideSolutionNode = FALSE
	EndGlobalSection
	GlobalSection(NestedProjects) = preSolution
		{151AE681-22CC-404D-A759-8D80BF85E9F1} = {0128DA73-F695-40DD-AF41-6832E9B7187B}
		{350A3A81-BF89-4339-AF82-35F50E0B88FC} = {0128DA73-F695-40DD-AF41-6832E9B7187B}
		{99BBCD07-D169-4EC1-A47B-2AB467EF99D6} = {76278E1B-8FA4-4D5D-AD81-815BAC067D8A}
		{1210A1A4-8446-4D38-A8C4-19EE053518ED} = {76278E1B-8FA4-4D5D-AD81-815BAC067D8A}
		{A281A863-46CD-4E26-8443-9A083D12FCD8} = {76278E1B-8FA4-4D5D-AD81-815BAC067D8A}
		{FA743D56-B1D7-4CA4-A4CD-60DCE2C8A184} = {76278E1B-8FA4-4D5D-AD81-815BAC067D8A}
		{40E46261-B669-428C-9AB9-622334850DDE} = {FA743D56-B1D7-4CA4-A4CD-60DCE2C8A184}
		{85000F39-5659-4F9F-BD62-F480B90BCEA1} = {FA743D56-B1D7-4CA4-A4CD-60DCE2C8A184}
		{4CFA0073-08FD-4B87-A03B-6B3AA2185C0F} = {FA743D56-B1D7-4CA4-A4CD-60DCE2C8A184}
		{A7328287-CF48-415F-BD89-3195DE4693E1} = {FA743D56-B1D7-4CA4-A4CD-60DCE2C8A184}
		{C9F64325-C1EB-4092-8D0B-7D76884336FB} = {FA743D56-B1D7-4CA4-A4CD-60DCE2C8A184}
		{E3AF1316-FD3A-4A46-BB2E-EAD130873A36} = {FA743D56-B1D7-4CA4-A4CD-60DCE2C8A184}
		{B7EE3549-C2E4-4A87-AFAF-B0593CE6F0E3} = {FA743D56-B1D7-4CA4-A4CD-60DCE2C8A184}
	EndGlobalSection
EndGlobal
